
Microsoft Visual Studio Solution File, Format Version 12.00
# Visual Studio Version 17
VisualStudioVersion = 17.14.36623.8
MinimumVisualStudioVersion = 10.0.40219.1
Project("{2150E333-8FDC-42A3-9474-1A3956D46DE8}") = "Chapter00", "Chapter00", "{DDB4EF12-CC4E-5E88-E6FC-71A802F4DE97}"
EndProject
Project("{FAE04EC0-301F-11D3-BF4B-00C04F79EFBC}") = "Sample0416", "Chapter00\Sample0416\Sample0416.csproj", "{B3D3A39D-C0AF-48C5-8C7A-D7123790B862}"
EndProject
Project("{FAE04EC0-301F-11D3-BF4B-00C04F79EFBC}") = "Sample0415", "Chapter00\Sample0415\Sample0415\Sample0415.csproj", "{D0F00D84-AD20-C5D6-67FE-85D6CB59A7CE}"
EndProject
Project("{FAE04EC0-301F-11D3-BF4B-00C04F79EFBC}") = "Sample0413", "Chapter00\Sample0413\Sample0413\Sample0413.csproj", "{EB11C1AF-3BBE-9D8B-B13B-CEF382F22312}"
EndProject
Project("{2150E333-8FDC-42A3-9474-1A3956D46DE8}") = "Chapter01", "Chapter01", "{F0EF2737-DB4F-4A84-9D63-02F8C11FC399}"
EndProject
Project("{2150E333-8FDC-42A3-9474-1A3956D46DE8}") = "Chapter02", "Chapter02", "{63ACCFE8-41AE-4BDF-8537-2149A1941FC7}"
EndProject
Project("{2150E333-8FDC-42A3-9474-1A3956D46DE8}") = "距離換算プログラム", "距離換算プログラム", "{E0C7FB81-210A-4A09-8848-F50AEECB99AD}"
EndProject
Project("{FAE04EC0-301F-11D3-BF4B-00C04F79EFBC}") = "DistanceConverter", "Chapter02\距離換算プログラム\DistanceConverter\DistanceConverter.csproj", "{D5348F22-FCBE-463F-9182-9ECEFF1039C4}"
EndProject
Project("{2150E333-8FDC-42A3-9474-1A3956D46DE8}") = "Chapter04", "Chapter04", "{A23AF825-CB6D-4A4E-B33A-EC9511165F3B}"
EndProject
Project("{2150E333-8FDC-42A3-9474-1A3956D46DE8}") = "P108_文字列を数値に変換する", "P108_文字列を数値に変換する", "{4BB1BC93-6321-4537-84A4-39D3AEC85BE7}"
EndProject
Project("{FAE04EC0-301F-11D3-BF4B-00C04F79EFBC}") = "Code4_36", "Chapter04\文字列を数値に変換する\Code4_36\Code4_36.csproj", "{DF2D200C-9051-476E-A522-37D6BDB99E59}"
EndProject
Project("{2150E333-8FDC-42A3-9474-1A3956D46DE8}") = "売り上げ集計プログラム", "売り上げ集計プログラム", "{6EDFF370-3668-4ACB-9902-ACD8625D4A8F}"
EndProject
Project("{FAE04EC0-301F-11D3-BF4B-00C04F79EFBC}") = "SalesCalculator", "Chapter02\売り上げ集計プログラム\SalesCalculator\SalesCalculator.csproj", "{07CCB2E1-FDAB-47E8-AB8A-1D3BDE656A87}"
EndProject
Project("{2150E333-8FDC-42A3-9474-1A3956D46DE8}") = "演習問題", "演習問題", "{4A24178F-0EAC-4CF5-951F-DFD33DBF63D7}"
EndProject
Project("{FAE04EC0-301F-11D3-BF4B-00C04F79EFBC}") = "Exercise01", "Chapter02\演習問題\Exercise01\Exercise01.csproj", "{CDC7B5A5-7F6F-4EB5-9EFF-1A6AC54C9F54}"
EndProject
Project("{FAE04EC0-301F-11D3-BF4B-00C04F79EFBC}") = "Exercise02", "Chapter02\演習問題\Exercise02\Exercise02.csproj", "{6194C72F-D171-4BE9-9CC4-4FFEAB02CF02}"
EndProject
Project("{2150E333-8FDC-42A3-9474-1A3956D46DE8}") = "Chapter03", "Chapter03", "{72958AD6-F274-41ED-AC95-D40EFDD79EB4}"
EndProject
Project("{2150E333-8FDC-42A3-9474-1A3956D46DE8}") = "ラムダ式とLINQ", "ラムダ式とLINQ", "{48A6DCF4-033A-4FAE-AAB9-223347E9CA20}"
EndProject
Project("{FAE04EC0-301F-11D3-BF4B-00C04F79EFBC}") = "Section01", "Chapter03\ラムダ式とLINQ\Section01\Section01.csproj", "{FD33B6AD-5FEF-4090-98FB-44EDD80A4AED}"
EndProject
Project("{FAE04EC0-301F-11D3-BF4B-00C04F79EFBC}") = "Section04", "Chapter03\ラムダ式とLINQ\Section04\Section04.csproj", "{6224C2BD-15A9-43BE-8726-8C8C468461E3}"
EndProject
Project("{2150E333-8FDC-42A3-9474-1A3956D46DE8}") = "演習問題", "演習問題", "{31FEFECC-9CED-4ECF-A2EB-F31B45B0A6AA}"
EndProject
Project("{FAE04EC0-301F-11D3-BF4B-00C04F79EFBC}") = "Exercise01", "Chapter03\演習問題\Exercise01\Exercise01.csproj", "{EF233444-0ABD-4ABB-824F-D0B03B848C30}"
EndProject
Project("{FAE04EC0-301F-11D3-BF4B-00C04F79EFBC}") = "Exercise02", "Chapter03\演習問題\Exercise02\Exercise02.csproj", "{06209CF2-5720-455F-B767-E6C4B37E5C17}"
EndProject
Project("{2150E333-8FDC-42A3-9474-1A3956D46DE8}") = "P098_nullに関するイディオム", "P098_nullに関するイディオム", "{E69BECA5-062D-46C0-90B7-F6B996641746}"
EndProject
Project("{FAE04EC0-301F-11D3-BF4B-00C04F79EFBC}") = "Section04", "Chapter04\nullに関するイディオム\Section04\Section04.csproj", "{389C7F22-B89A-46C0-9FA2-30D15B1335AF}"
EndProject
Project("{2150E333-8FDC-42A3-9474-1A3956D46DE8}") = "演習問題", "演習問題", "{C76E84EB-8A1D-4398-8378-9CB1F1E5C198}"
EndProject
Project("{FAE04EC0-301F-11D3-BF4B-00C04F79EFBC}") = "Exercise01", "Chapter04\演習問題\Exercise01\Exercise01.csproj", "{EF9B589F-A4F7-4D6A-9683-9724B6154EF8}"
EndProject
Project("{FAE04EC0-301F-11D3-BF4B-00C04F79EFBC}") = "Exercise02", "Chapter04\演習問題\Exercise02\Exercise02\Exercise02.csproj", "{8F1DC36A-8F48-4865-9E74-995D2AFADA74}"
EndProject
Project("{2150E333-8FDC-42A3-9474-1A3956D46DE8}") = "Chapter05", "Chapter05", "{52164EF6-F6CE-4179-9D56-AFFD97E5A249}"
EndProject
Project("{2150E333-8FDC-42A3-9474-1A3956D46DE8}") = "プロパティに関するイディオム", "プロパティに関するイディオム", "{421AC5BB-FD97-4ED0-B6F7-47D5CDD65DE2}"
EndProject
Project("{FAE04EC0-301F-11D3-BF4B-00C04F79EFBC}") = "Section01", "Chapter05\プロパティに関するイディオム\Section01\Section01.csproj", "{A1B809D8-9DEB-4A27-A536-120E933D82B2}"
EndProject
Project("{2150E333-8FDC-42A3-9474-1A3956D46DE8}") = "メソッドに関するイディオム", "メソッドに関するイディオム", "{9300782B-C79F-4BC6-9177-402996A92D2F}"
EndProject
Project("{FAE04EC0-301F-11D3-BF4B-00C04F79EFBC}") = "Section02", "Chapter05\メソッドに関するイディオム\Section02\Section02.csproj", "{9FA15197-0586-42BE-A0AF-11A3FF4394D6}"
EndProject
Project("{2150E333-8FDC-42A3-9474-1A3956D46DE8}") = "演習問題", "演習問題", "{173D23C6-2DF2-46EB-AEBB-BBFC77E8B3A3}"
EndProject
Project("{FAE04EC0-301F-11D3-BF4B-00C04F79EFBC}") = "Exercise01", "Chapter05\演習問題\Exercise01\Exercise01.csproj", "{55D094E5-F70A-49EB-8126-F329FCD7C79A}"
EndProject
Project("{FAE04EC0-301F-11D3-BF4B-00C04F79EFBC}") = "Exercise02", "Chapter05\演習問題\Exercise02\Exercise02.csproj", "{5091ACDC-3008-4702-95C4-9BFD6B0BFAA6}"
EndProject
Project("{FAE04EC0-301F-11D3-BF4B-00C04F79EFBC}") = "Exercise03", "Chapter05\演習問題\Exercise03\Exercise03.csproj", "{05DBAFDE-4D87-41A5-A196-A6E9C95D5AB2}"
EndProject
Project("{2150E333-8FDC-42A3-9474-1A3956D46DE8}") = "Chapter06", "Chapter06", "{8353E1B3-4DC4-44D6-98C1-633C6113EA00}"
EndProject
Project("{2150E333-8FDC-42A3-9474-1A3956D46DE8}") = "文字列の比較", "文字列の比較", "{C2084858-95B9-45ED-8CB8-84B53302F6B8}"
EndProject
Project("{FAE04EC0-301F-11D3-BF4B-00C04F79EFBC}") = "Section01", "Chapter06\文字列の比較\Section01\Section01.csproj", "{C6CE909A-0468-4A14-AB70-8A89C10A9C5D}"
EndProject
Project("{2150E333-8FDC-42A3-9474-1A3956D46DE8}") = "演習問題", "演習問題", "{7F21AE78-4A44-49C9-8633-B25340DBD678}"
EndProject
Project("{FAE04EC0-301F-11D3-BF4B-00C04F79EFBC}") = "Exercise01", "Chapter06\演習問題\Exercise01\Exercise01.csproj", "{97A3B6A7-588F-44B6-9E0A-3A8BE6D53A52}"
EndProject
Project("{FAE04EC0-301F-11D3-BF4B-00C04F79EFBC}") = "Exercise02", "Chapter06\演習問題\Exercise02\Exercise02.csproj", "{57D2809F-FC59-4EB1-A28F-77FE9264E8B5}"
EndProject
Project("{FAE04EC0-301F-11D3-BF4B-00C04F79EFBC}") = "Exercise03", "Chapter06\演習問題\Exercise03\Exercise03.csproj", "{90A7C10A-3B70-483D-ADD3-3871D4F942FD}"
EndProject
Project("{2150E333-8FDC-42A3-9474-1A3956D46DE8}") = "文字列の連結と分割", "文字列の連結と分割", "{F0DA9E55-3470-4228-BA8C-5F6CF865B590}"
EndProject
Project("{FAE04EC0-301F-11D3-BF4B-00C04F79EFBC}") = "Section05", "Chapter06\文字列の連結と分割\Section05\Section05.csproj", "{7DF80989-A88F-4C4C-A6DF-684E5B11E328}"
EndProject
Project("{FAE04EC0-301F-11D3-BF4B-00C04F79EFBC}") = "Exercise04", "Chapter06\演習問題\Exercise04\Exercise04.csproj", "{AB07B057-71EF-40F6-9FA7-48E564A8A9F7}"
EndProject
Project("{2150E333-8FDC-42A3-9474-1A3956D46DE8}") = "Chapter07", "Chapter07", "{C234B128-DCB0-4E1E-BF3A-448ADD4D8837}"
EndProject
Project("{2150E333-8FDC-42A3-9474-1A3956D46DE8}") = "演習問題", "演習問題", "{9FDE8858-6516-48A0-A0F8-63BABD606075}"
EndProject
Project("{FAE04EC0-301F-11D3-BF4B-00C04F79EFBC}") = "Section01", "Chapter07\Section01\Section01.csproj", "{1A8E7942-9E02-4C33-B081-03703F9FFFDE}"
EndProject
Project("{FAE04EC0-301F-11D3-BF4B-00C04F79EFBC}") = "Exercise01", "Chapter07\演習問題\Exercise01\Exercise01.csproj", "{C053E2E0-318D-4992-844A-87FF99BCEC16}"
EndProject
Project("{FAE04EC0-301F-11D3-BF4B-00C04F79EFBC}") = "Exercise02", "Chapter07\演習問題\Exercise02\Exercise02.csproj", "{DA20A5EA-13CA-429E-B23F-EFDB4BD6A5FC}"
EndProject
Project("{2150E333-8FDC-42A3-9474-1A3956D46DE8}") = "TestProject", "TestProject", "{AB444F83-CE86-4737-B56B-03B9623351D8}"
EndProject
Project("{FAE04EC0-301F-11D3-BF4B-00C04F79EFBC}") = "Test01_01", "TestProject\Test01_01\Test01_01.csproj", "{B8441293-5D7D-B752-6216-4C5005BF772D}"
EndProject
Project("{FAE04EC0-301F-11D3-BF4B-00C04F79EFBC}") = "Test01_02", "TestProject\Test01_02\Test01_02.csproj", "{D7F347E4-C87C-CC1A-89F8-6D28A7CCB4B3}"
EndProject
Project("{2150E333-8FDC-42A3-9474-1A3956D46DE8}") = "Chapter08", "Chapter08", "{0474CFF8-8B87-4393-A0E0-5D615E11BB18}"
EndProject
Project("{FAE04EC0-301F-11D3-BF4B-00C04F79EFBC}") = "Section01", "Chapter08\Section01\Section01.csproj", "{AE33EA7B-487D-484F-A0AC-2678E2048B68}"
EndProject
Project("{FAE04EC0-301F-11D3-BF4B-00C04F79EFBC}") = "Section02", "Chapter08\Section02\Section02.csproj", "{75B4B92F-2643-437D-86C7-3284466B949F}"
EndProject
Project("{FAE04EC0-301F-11D3-BF4B-00C04F79EFBC}") = "Section03", "Chapter08\Section03\Section03.csproj", "{C15ACE48-288E-4702-8478-34B3FDDB2177}"
EndProject
Project("{2150E333-8FDC-42A3-9474-1A3956D46DE8}") = "演習問題", "演習問題", "{3AFE0BA6-966D-46CE-84F4-ECBD83AC6F5E}"
EndProject
Project("{FAE04EC0-301F-11D3-BF4B-00C04F79EFBC}") = "Exercise01", "Chapter08\演習問題\Exercise01\Exercise01.csproj", "{C38838EF-718A-4570-AFEF-A4B90EEBB566}"
EndProject
Project("{FAE04EC0-301F-11D3-BF4B-00C04F79EFBC}") = "Exercise02", "Chapter08\演習問題\Exercise02\Exercise02.csproj", "{8F0E0B75-CB42-4B60-9C2D-9986A52F6163}"
EndProject
Global
	GlobalSection(SolutionConfigurationPlatforms) = preSolution
		Debug|Any CPU = Debug|Any CPU
		Release|Any CPU = Release|Any CPU
	EndGlobalSection
	GlobalSection(ProjectConfigurationPlatforms) = postSolution
		{B3D3A39D-C0AF-48C5-8C7A-D7123790B862}.Debug|Any CPU.ActiveCfg = Debug|Any CPU
		{B3D3A39D-C0AF-48C5-8C7A-D7123790B862}.Debug|Any CPU.Build.0 = Debug|Any CPU
		{B3D3A39D-C0AF-48C5-8C7A-D7123790B862}.Release|Any CPU.ActiveCfg = Release|Any CPU
		{B3D3A39D-C0AF-48C5-8C7A-D7123790B862}.Release|Any CPU.Build.0 = Release|Any CPU
		{D0F00D84-AD20-C5D6-67FE-85D6CB59A7CE}.Debug|Any CPU.ActiveCfg = Debug|Any CPU
		{D0F00D84-AD20-C5D6-67FE-85D6CB59A7CE}.Debug|Any CPU.Build.0 = Debug|Any CPU
		{D0F00D84-AD20-C5D6-67FE-85D6CB59A7CE}.Release|Any CPU.ActiveCfg = Release|Any CPU
		{D0F00D84-AD20-C5D6-67FE-85D6CB59A7CE}.Release|Any CPU.Build.0 = Release|Any CPU
		{EB11C1AF-3BBE-9D8B-B13B-CEF382F22312}.Debug|Any CPU.ActiveCfg = Debug|Any CPU
		{EB11C1AF-3BBE-9D8B-B13B-CEF382F22312}.Debug|Any CPU.Build.0 = Debug|Any CPU
		{EB11C1AF-3BBE-9D8B-B13B-CEF382F22312}.Release|Any CPU.ActiveCfg = Release|Any CPU
		{EB11C1AF-3BBE-9D8B-B13B-CEF382F22312}.Release|Any CPU.Build.0 = Release|Any CPU
		{D5348F22-FCBE-463F-9182-9ECEFF1039C4}.Debug|Any CPU.ActiveCfg = Debug|Any CPU
		{D5348F22-FCBE-463F-9182-9ECEFF1039C4}.Debug|Any CPU.Build.0 = Debug|Any CPU
		{D5348F22-FCBE-463F-9182-9ECEFF1039C4}.Release|Any CPU.ActiveCfg = Release|Any CPU
		{D5348F22-FCBE-463F-9182-9ECEFF1039C4}.Release|Any CPU.Build.0 = Release|Any CPU
		{DF2D200C-9051-476E-A522-37D6BDB99E59}.Debug|Any CPU.ActiveCfg = Debug|Any CPU
		{DF2D200C-9051-476E-A522-37D6BDB99E59}.Debug|Any CPU.Build.0 = Debug|Any CPU
		{DF2D200C-9051-476E-A522-37D6BDB99E59}.Release|Any CPU.ActiveCfg = Release|Any CPU
		{DF2D200C-9051-476E-A522-37D6BDB99E59}.Release|Any CPU.Build.0 = Release|Any CPU
		{07CCB2E1-FDAB-47E8-AB8A-1D3BDE656A87}.Debug|Any CPU.ActiveCfg = Debug|Any CPU
		{07CCB2E1-FDAB-47E8-AB8A-1D3BDE656A87}.Debug|Any CPU.Build.0 = Debug|Any CPU
		{07CCB2E1-FDAB-47E8-AB8A-1D3BDE656A87}.Release|Any CPU.ActiveCfg = Release|Any CPU
		{07CCB2E1-FDAB-47E8-AB8A-1D3BDE656A87}.Release|Any CPU.Build.0 = Release|Any CPU
		{CDC7B5A5-7F6F-4EB5-9EFF-1A6AC54C9F54}.Debug|Any CPU.ActiveCfg = Debug|Any CPU
		{CDC7B5A5-7F6F-4EB5-9EFF-1A6AC54C9F54}.Debug|Any CPU.Build.0 = Debug|Any CPU
		{CDC7B5A5-7F6F-4EB5-9EFF-1A6AC54C9F54}.Release|Any CPU.ActiveCfg = Release|Any CPU
		{CDC7B5A5-7F6F-4EB5-9EFF-1A6AC54C9F54}.Release|Any CPU.Build.0 = Release|Any CPU
		{6194C72F-D171-4BE9-9CC4-4FFEAB02CF02}.Debug|Any CPU.ActiveCfg = Debug|Any CPU
		{6194C72F-D171-4BE9-9CC4-4FFEAB02CF02}.Debug|Any CPU.Build.0 = Debug|Any CPU
		{6194C72F-D171-4BE9-9CC4-4FFEAB02CF02}.Release|Any CPU.ActiveCfg = Release|Any CPU
		{6194C72F-D171-4BE9-9CC4-4FFEAB02CF02}.Release|Any CPU.Build.0 = Release|Any CPU
		{FD33B6AD-5FEF-4090-98FB-44EDD80A4AED}.Debug|Any CPU.ActiveCfg = Debug|Any CPU
		{FD33B6AD-5FEF-4090-98FB-44EDD80A4AED}.Debug|Any CPU.Build.0 = Debug|Any CPU
		{FD33B6AD-5FEF-4090-98FB-44EDD80A4AED}.Release|Any CPU.ActiveCfg = Release|Any CPU
		{FD33B6AD-5FEF-4090-98FB-44EDD80A4AED}.Release|Any CPU.Build.0 = Release|Any CPU
		{6224C2BD-15A9-43BE-8726-8C8C468461E3}.Debug|Any CPU.ActiveCfg = Debug|Any CPU
		{6224C2BD-15A9-43BE-8726-8C8C468461E3}.Debug|Any CPU.Build.0 = Debug|Any CPU
		{6224C2BD-15A9-43BE-8726-8C8C468461E3}.Release|Any CPU.ActiveCfg = Release|Any CPU
		{6224C2BD-15A9-43BE-8726-8C8C468461E3}.Release|Any CPU.Build.0 = Release|Any CPU
		{EF233444-0ABD-4ABB-824F-D0B03B848C30}.Debug|Any CPU.ActiveCfg = Debug|Any CPU
		{EF233444-0ABD-4ABB-824F-D0B03B848C30}.Debug|Any CPU.Build.0 = Debug|Any CPU
		{EF233444-0ABD-4ABB-824F-D0B03B848C30}.Release|Any CPU.ActiveCfg = Release|Any CPU
		{EF233444-0ABD-4ABB-824F-D0B03B848C30}.Release|Any CPU.Build.0 = Release|Any CPU
		{06209CF2-5720-455F-B767-E6C4B37E5C17}.Debug|Any CPU.ActiveCfg = Debug|Any CPU
		{06209CF2-5720-455F-B767-E6C4B37E5C17}.Debug|Any CPU.Build.0 = Debug|Any CPU
		{06209CF2-5720-455F-B767-E6C4B37E5C17}.Release|Any CPU.ActiveCfg = Release|Any CPU
		{06209CF2-5720-455F-B767-E6C4B37E5C17}.Release|Any CPU.Build.0 = Release|Any CPU
		{389C7F22-B89A-46C0-9FA2-30D15B1335AF}.Debug|Any CPU.ActiveCfg = Debug|Any CPU
		{389C7F22-B89A-46C0-9FA2-30D15B1335AF}.Debug|Any CPU.Build.0 = Debug|Any CPU
		{389C7F22-B89A-46C0-9FA2-30D15B1335AF}.Release|Any CPU.ActiveCfg = Release|Any CPU
		{389C7F22-B89A-46C0-9FA2-30D15B1335AF}.Release|Any CPU.Build.0 = Release|Any CPU
		{EF9B589F-A4F7-4D6A-9683-9724B6154EF8}.Debug|Any CPU.ActiveCfg = Debug|Any CPU
		{EF9B589F-A4F7-4D6A-9683-9724B6154EF8}.Debug|Any CPU.Build.0 = Debug|Any CPU
		{EF9B589F-A4F7-4D6A-9683-9724B6154EF8}.Release|Any CPU.ActiveCfg = Release|Any CPU
		{EF9B589F-A4F7-4D6A-9683-9724B6154EF8}.Release|Any CPU.Build.0 = Release|Any CPU
		{8F1DC36A-8F48-4865-9E74-995D2AFADA74}.Debug|Any CPU.ActiveCfg = Debug|Any CPU
		{8F1DC36A-8F48-4865-9E74-995D2AFADA74}.Debug|Any CPU.Build.0 = Debug|Any CPU
		{8F1DC36A-8F48-4865-9E74-995D2AFADA74}.Release|Any CPU.ActiveCfg = Release|Any CPU
		{8F1DC36A-8F48-4865-9E74-995D2AFADA74}.Release|Any CPU.Build.0 = Release|Any CPU
		{A1B809D8-9DEB-4A27-A536-120E933D82B2}.Debug|Any CPU.ActiveCfg = Debug|Any CPU
		{A1B809D8-9DEB-4A27-A536-120E933D82B2}.Debug|Any CPU.Build.0 = Debug|Any CPU
		{A1B809D8-9DEB-4A27-A536-120E933D82B2}.Release|Any CPU.ActiveCfg = Release|Any CPU
		{A1B809D8-9DEB-4A27-A536-120E933D82B2}.Release|Any CPU.Build.0 = Release|Any CPU
		{9FA15197-0586-42BE-A0AF-11A3FF4394D6}.Debug|Any CPU.ActiveCfg = Debug|Any CPU
		{9FA15197-0586-42BE-A0AF-11A3FF4394D6}.Debug|Any CPU.Build.0 = Debug|Any CPU
		{9FA15197-0586-42BE-A0AF-11A3FF4394D6}.Release|Any CPU.ActiveCfg = Release|Any CPU
		{9FA15197-0586-42BE-A0AF-11A3FF4394D6}.Release|Any CPU.Build.0 = Release|Any CPU
		{55D094E5-F70A-49EB-8126-F329FCD7C79A}.Debug|Any CPU.ActiveCfg = Debug|Any CPU
		{55D094E5-F70A-49EB-8126-F329FCD7C79A}.Debug|Any CPU.Build.0 = Debug|Any CPU
		{55D094E5-F70A-49EB-8126-F329FCD7C79A}.Release|Any CPU.ActiveCfg = Release|Any CPU
		{55D094E5-F70A-49EB-8126-F329FCD7C79A}.Release|Any CPU.Build.0 = Release|Any CPU
		{5091ACDC-3008-4702-95C4-9BFD6B0BFAA6}.Debug|Any CPU.ActiveCfg = Debug|Any CPU
		{5091ACDC-3008-4702-95C4-9BFD6B0BFAA6}.Debug|Any CPU.Build.0 = Debug|Any CPU
		{5091ACDC-3008-4702-95C4-9BFD6B0BFAA6}.Release|Any CPU.ActiveCfg = Release|Any CPU
		{5091ACDC-3008-4702-95C4-9BFD6B0BFAA6}.Release|Any CPU.Build.0 = Release|Any CPU
		{05DBAFDE-4D87-41A5-A196-A6E9C95D5AB2}.Debug|Any CPU.ActiveCfg = Debug|Any CPU
		{05DBAFDE-4D87-41A5-A196-A6E9C95D5AB2}.Debug|Any CPU.Build.0 = Debug|Any CPU
		{05DBAFDE-4D87-41A5-A196-A6E9C95D5AB2}.Release|Any CPU.ActiveCfg = Release|Any CPU
		{05DBAFDE-4D87-41A5-A196-A6E9C95D5AB2}.Release|Any CPU.Build.0 = Release|Any CPU
		{C6CE909A-0468-4A14-AB70-8A89C10A9C5D}.Debug|Any CPU.ActiveCfg = Debug|Any CPU
		{C6CE909A-0468-4A14-AB70-8A89C10A9C5D}.Debug|Any CPU.Build.0 = Debug|Any CPU
		{C6CE909A-0468-4A14-AB70-8A89C10A9C5D}.Release|Any CPU.ActiveCfg = Release|Any CPU
		{C6CE909A-0468-4A14-AB70-8A89C10A9C5D}.Release|Any CPU.Build.0 = Release|Any CPU
		{97A3B6A7-588F-44B6-9E0A-3A8BE6D53A52}.Debug|Any CPU.ActiveCfg = Debug|Any CPU
		{97A3B6A7-588F-44B6-9E0A-3A8BE6D53A52}.Debug|Any CPU.Build.0 = Debug|Any CPU
		{97A3B6A7-588F-44B6-9E0A-3A8BE6D53A52}.Release|Any CPU.ActiveCfg = Release|Any CPU
		{97A3B6A7-588F-44B6-9E0A-3A8BE6D53A52}.Release|Any CPU.Build.0 = Release|Any CPU
		{57D2809F-FC59-4EB1-A28F-77FE9264E8B5}.Debug|Any CPU.ActiveCfg = Debug|Any CPU
		{57D2809F-FC59-4EB1-A28F-77FE9264E8B5}.Debug|Any CPU.Build.0 = Debug|Any CPU
		{57D2809F-FC59-4EB1-A28F-77FE9264E8B5}.Release|Any CPU.ActiveCfg = Release|Any CPU
		{57D2809F-FC59-4EB1-A28F-77FE9264E8B5}.Release|Any CPU.Build.0 = Release|Any CPU
		{90A7C10A-3B70-483D-ADD3-3871D4F942FD}.Debug|Any CPU.ActiveCfg = Debug|Any CPU
		{90A7C10A-3B70-483D-ADD3-3871D4F942FD}.Debug|Any CPU.Build.0 = Debug|Any CPU
		{90A7C10A-3B70-483D-ADD3-3871D4F942FD}.Release|Any CPU.ActiveCfg = Release|Any CPU
		{90A7C10A-3B70-483D-ADD3-3871D4F942FD}.Release|Any CPU.Build.0 = Release|Any CPU
		{7DF80989-A88F-4C4C-A6DF-684E5B11E328}.Debug|Any CPU.ActiveCfg = Debug|Any CPU
		{7DF80989-A88F-4C4C-A6DF-684E5B11E328}.Debug|Any CPU.Build.0 = Debug|Any CPU
		{7DF80989-A88F-4C4C-A6DF-684E5B11E328}.Release|Any CPU.ActiveCfg = Release|Any CPU
		{7DF80989-A88F-4C4C-A6DF-684E5B11E328}.Release|Any CPU.Build.0 = Release|Any CPU
		{AB07B057-71EF-40F6-9FA7-48E564A8A9F7}.Debug|Any CPU.ActiveCfg = Debug|Any CPU
		{AB07B057-71EF-40F6-9FA7-48E564A8A9F7}.Debug|Any CPU.Build.0 = Debug|Any CPU
		{AB07B057-71EF-40F6-9FA7-48E564A8A9F7}.Release|Any CPU.ActiveCfg = Release|Any CPU
		{AB07B057-71EF-40F6-9FA7-48E564A8A9F7}.Release|Any CPU.Build.0 = Release|Any CPU
		{1A8E7942-9E02-4C33-B081-03703F9FFFDE}.Debug|Any CPU.ActiveCfg = Debug|Any CPU
		{1A8E7942-9E02-4C33-B081-03703F9FFFDE}.Debug|Any CPU.Build.0 = Debug|Any CPU
		{1A8E7942-9E02-4C33-B081-03703F9FFFDE}.Release|Any CPU.ActiveCfg = Release|Any CPU
		{1A8E7942-9E02-4C33-B081-03703F9FFFDE}.Release|Any CPU.Build.0 = Release|Any CPU
		{C053E2E0-318D-4992-844A-87FF99BCEC16}.Debug|Any CPU.ActiveCfg = Debug|Any CPU
		{C053E2E0-318D-4992-844A-87FF99BCEC16}.Debug|Any CPU.Build.0 = Debug|Any CPU
		{C053E2E0-318D-4992-844A-87FF99BCEC16}.Release|Any CPU.ActiveCfg = Release|Any CPU
		{C053E2E0-318D-4992-844A-87FF99BCEC16}.Release|Any CPU.Build.0 = Release|Any CPU
		{DA20A5EA-13CA-429E-B23F-EFDB4BD6A5FC}.Debug|Any CPU.ActiveCfg = Debug|Any CPU
		{DA20A5EA-13CA-429E-B23F-EFDB4BD6A5FC}.Debug|Any CPU.Build.0 = Debug|Any CPU
		{DA20A5EA-13CA-429E-B23F-EFDB4BD6A5FC}.Release|Any CPU.ActiveCfg = Release|Any CPU
		{DA20A5EA-13CA-429E-B23F-EFDB4BD6A5FC}.Release|Any CPU.Build.0 = Release|Any CPU
		{B8441293-5D7D-B752-6216-4C5005BF772D}.Debug|Any CPU.ActiveCfg = Debug|Any CPU
		{B8441293-5D7D-B752-6216-4C5005BF772D}.Debug|Any CPU.Build.0 = Debug|Any CPU
		{B8441293-5D7D-B752-6216-4C5005BF772D}.Release|Any CPU.ActiveCfg = Release|Any CPU
		{B8441293-5D7D-B752-6216-4C5005BF772D}.Release|Any CPU.Build.0 = Release|Any CPU
		{D7F347E4-C87C-CC1A-89F8-6D28A7CCB4B3}.Debug|Any CPU.ActiveCfg = Debug|Any CPU
		{D7F347E4-C87C-CC1A-89F8-6D28A7CCB4B3}.Debug|Any CPU.Build.0 = Debug|Any CPU
		{D7F347E4-C87C-CC1A-89F8-6D28A7CCB4B3}.Release|Any CPU.ActiveCfg = Release|Any CPU
		{D7F347E4-C87C-CC1A-89F8-6D28A7CCB4B3}.Release|Any CPU.Build.0 = Release|Any CPU
		{AE33EA7B-487D-484F-A0AC-2678E2048B68}.Debug|Any CPU.ActiveCfg = Debug|Any CPU
		{AE33EA7B-487D-484F-A0AC-2678E2048B68}.Debug|Any CPU.Build.0 = Debug|Any CPU
		{AE33EA7B-487D-484F-A0AC-2678E2048B68}.Release|Any CPU.ActiveCfg = Release|Any CPU
		{AE33EA7B-487D-484F-A0AC-2678E2048B68}.Release|Any CPU.Build.0 = Release|Any CPU
		{75B4B92F-2643-437D-86C7-3284466B949F}.Debug|Any CPU.ActiveCfg = Debug|Any CPU
		{75B4B92F-2643-437D-86C7-3284466B949F}.Debug|Any CPU.Build.0 = Debug|Any CPU
		{75B4B92F-2643-437D-86C7-3284466B949F}.Release|Any CPU.ActiveCfg = Release|Any CPU
		{75B4B92F-2643-437D-86C7-3284466B949F}.Release|Any CPU.Build.0 = Release|Any CPU
		{C15ACE48-288E-4702-8478-34B3FDDB2177}.Debug|Any CPU.ActiveCfg = Debug|Any CPU
		{C15ACE48-288E-4702-8478-34B3FDDB2177}.Debug|Any CPU.Build.0 = Debug|Any CPU
		{C15ACE48-288E-4702-8478-34B3FDDB2177}.Release|Any CPU.ActiveCfg = Release|Any CPU
		{C15ACE48-288E-4702-8478-34B3FDDB2177}.Release|Any CPU.Build.0 = Release|Any CPU
		{C38838EF-718A-4570-AFEF-A4B90EEBB566}.Debug|Any CPU.ActiveCfg = Debug|Any CPU
		{C38838EF-718A-4570-AFEF-A4B90EEBB566}.Debug|Any CPU.Build.0 = Debug|Any CPU
		{C38838EF-718A-4570-AFEF-A4B90EEBB566}.Release|Any CPU.ActiveCfg = Release|Any CPU
		{C38838EF-718A-4570-AFEF-A4B90EEBB566}.Release|Any CPU.Build.0 = Release|Any CPU
		{8F0E0B75-CB42-4B60-9C2D-9986A52F6163}.Debug|Any CPU.ActiveCfg = Debug|Any CPU
		{8F0E0B75-CB42-4B60-9C2D-9986A52F6163}.Debug|Any CPU.Build.0 = Debug|Any CPU
		{8F0E0B75-CB42-4B60-9C2D-9986A52F6163}.Release|Any CPU.ActiveCfg = Release|Any CPU
		{8F0E0B75-CB42-4B60-9C2D-9986A52F6163}.Release|Any CPU.Build.0 = Release|Any CPU
	EndGlobalSection
	GlobalSection(SolutionProperties) = preSolution
		HideSolutionNode = FALSE
	EndGlobalSection
	GlobalSection(NestedProjects) = preSolution
		{B3D3A39D-C0AF-48C5-8C7A-D7123790B862} = {DDB4EF12-CC4E-5E88-E6FC-71A802F4DE97}
		{D0F00D84-AD20-C5D6-67FE-85D6CB59A7CE} = {DDB4EF12-CC4E-5E88-E6FC-71A802F4DE97}
		{EB11C1AF-3BBE-9D8B-B13B-CEF382F22312} = {DDB4EF12-CC4E-5E88-E6FC-71A802F4DE97}
		{E0C7FB81-210A-4A09-8848-F50AEECB99AD} = {63ACCFE8-41AE-4BDF-8537-2149A1941FC7}
		{D5348F22-FCBE-463F-9182-9ECEFF1039C4} = {E0C7FB81-210A-4A09-8848-F50AEECB99AD}
		{4BB1BC93-6321-4537-84A4-39D3AEC85BE7} = {A23AF825-CB6D-4A4E-B33A-EC9511165F3B}
		{DF2D200C-9051-476E-A522-37D6BDB99E59} = {4BB1BC93-6321-4537-84A4-39D3AEC85BE7}
		{6EDFF370-3668-4ACB-9902-ACD8625D4A8F} = {63ACCFE8-41AE-4BDF-8537-2149A1941FC7}
		{07CCB2E1-FDAB-47E8-AB8A-1D3BDE656A87} = {6EDFF370-3668-4ACB-9902-ACD8625D4A8F}
		{4A24178F-0EAC-4CF5-951F-DFD33DBF63D7} = {63ACCFE8-41AE-4BDF-8537-2149A1941FC7}
		{CDC7B5A5-7F6F-4EB5-9EFF-1A6AC54C9F54} = {4A24178F-0EAC-4CF5-951F-DFD33DBF63D7}
		{6194C72F-D171-4BE9-9CC4-4FFEAB02CF02} = {4A24178F-0EAC-4CF5-951F-DFD33DBF63D7}
		{48A6DCF4-033A-4FAE-AAB9-223347E9CA20} = {72958AD6-F274-41ED-AC95-D40EFDD79EB4}
		{FD33B6AD-5FEF-4090-98FB-44EDD80A4AED} = {48A6DCF4-033A-4FAE-AAB9-223347E9CA20}
		{6224C2BD-15A9-43BE-8726-8C8C468461E3} = {48A6DCF4-033A-4FAE-AAB9-223347E9CA20}
		{31FEFECC-9CED-4ECF-A2EB-F31B45B0A6AA} = {72958AD6-F274-41ED-AC95-D40EFDD79EB4}
		{EF233444-0ABD-4ABB-824F-D0B03B848C30} = {31FEFECC-9CED-4ECF-A2EB-F31B45B0A6AA}
		{06209CF2-5720-455F-B767-E6C4B37E5C17} = {31FEFECC-9CED-4ECF-A2EB-F31B45B0A6AA}
		{E69BECA5-062D-46C0-90B7-F6B996641746} = {A23AF825-CB6D-4A4E-B33A-EC9511165F3B}
		{389C7F22-B89A-46C0-9FA2-30D15B1335AF} = {E69BECA5-062D-46C0-90B7-F6B996641746}
		{C76E84EB-8A1D-4398-8378-9CB1F1E5C198} = {A23AF825-CB6D-4A4E-B33A-EC9511165F3B}
		{EF9B589F-A4F7-4D6A-9683-9724B6154EF8} = {C76E84EB-8A1D-4398-8378-9CB1F1E5C198}
		{8F1DC36A-8F48-4865-9E74-995D2AFADA74} = {C76E84EB-8A1D-4398-8378-9CB1F1E5C198}
		{421AC5BB-FD97-4ED0-B6F7-47D5CDD65DE2} = {52164EF6-F6CE-4179-9D56-AFFD97E5A249}
		{A1B809D8-9DEB-4A27-A536-120E933D82B2} = {421AC5BB-FD97-4ED0-B6F7-47D5CDD65DE2}
		{9300782B-C79F-4BC6-9177-402996A92D2F} = {52164EF6-F6CE-4179-9D56-AFFD97E5A249}
		{9FA15197-0586-42BE-A0AF-11A3FF4394D6} = {9300782B-C79F-4BC6-9177-402996A92D2F}
		{173D23C6-2DF2-46EB-AEBB-BBFC77E8B3A3} = {52164EF6-F6CE-4179-9D56-AFFD97E5A249}
		{55D094E5-F70A-49EB-8126-F329FCD7C79A} = {173D23C6-2DF2-46EB-AEBB-BBFC77E8B3A3}
		{5091ACDC-3008-4702-95C4-9BFD6B0BFAA6} = {173D23C6-2DF2-46EB-AEBB-BBFC77E8B3A3}
		{05DBAFDE-4D87-41A5-A196-A6E9C95D5AB2} = {173D23C6-2DF2-46EB-AEBB-BBFC77E8B3A3}
		{C2084858-95B9-45ED-8CB8-84B53302F6B8} = {8353E1B3-4DC4-44D6-98C1-633C6113EA00}
		{C6CE909A-0468-4A14-AB70-8A89C10A9C5D} = {C2084858-95B9-45ED-8CB8-84B53302F6B8}
		{7F21AE78-4A44-49C9-8633-B25340DBD678} = {8353E1B3-4DC4-44D6-98C1-633C6113EA00}
		{97A3B6A7-588F-44B6-9E0A-3A8BE6D53A52} = {7F21AE78-4A44-49C9-8633-B25340DBD678}
		{57D2809F-FC59-4EB1-A28F-77FE9264E8B5} = {7F21AE78-4A44-49C9-8633-B25340DBD678}
		{90A7C10A-3B70-483D-ADD3-3871D4F942FD} = {7F21AE78-4A44-49C9-8633-B25340DBD678}
		{F0DA9E55-3470-4228-BA8C-5F6CF865B590} = {8353E1B3-4DC4-44D6-98C1-633C6113EA00}
		{7DF80989-A88F-4C4C-A6DF-684E5B11E328} = {F0DA9E55-3470-4228-BA8C-5F6CF865B590}
		{AB07B057-71EF-40F6-9FA7-48E564A8A9F7} = {7F21AE78-4A44-49C9-8633-B25340DBD678}
		{9FDE8858-6516-48A0-A0F8-63BABD606075} = {C234B128-DCB0-4E1E-BF3A-448ADD4D8837}
		{1A8E7942-9E02-4C33-B081-03703F9FFFDE} = {C234B128-DCB0-4E1E-BF3A-448ADD4D8837}
		{C053E2E0-318D-4992-844A-87FF99BCEC16} = {9FDE8858-6516-48A0-A0F8-63BABD606075}
		{DA20A5EA-13CA-429E-B23F-EFDB4BD6A5FC} = {9FDE8858-6516-48A0-A0F8-63BABD606075}
		{B8441293-5D7D-B752-6216-4C5005BF772D} = {AB444F83-CE86-4737-B56B-03B9623351D8}
		{D7F347E4-C87C-CC1A-89F8-6D28A7CCB4B3} = {AB444F83-CE86-4737-B56B-03B9623351D8}
		{AE33EA7B-487D-484F-A0AC-2678E2048B68} = {0474CFF8-8B87-4393-A0E0-5D615E11BB18}
		{75B4B92F-2643-437D-86C7-3284466B949F} = {0474CFF8-8B87-4393-A0E0-5D615E11BB18}
		{C15ACE48-288E-4702-8478-34B3FDDB2177} = {0474CFF8-8B87-4393-A0E0-5D615E11BB18}
		{3AFE0BA6-966D-46CE-84F4-ECBD83AC6F5E} = {0474CFF8-8B87-4393-A0E0-5D615E11BB18}
		{C38838EF-718A-4570-AFEF-A4B90EEBB566} = {3AFE0BA6-966D-46CE-84F4-ECBD83AC6F5E}
		{8F0E0B75-CB42-4B60-9C2D-9986A52F6163} = {3AFE0BA6-966D-46CE-84F4-ECBD83AC6F5E}
	EndGlobalSection
	GlobalSection(ExtensibilityGlobals) = postSolution
		SolutionGuid = {A1F3302B-0E47-460A-87E6-7AC9A9C81B80}
	EndGlobalSection
EndGlobal
